
Microsoft Visual Studio Solution File, Format Version 12.00
# Visual Studio Version 16
VisualStudioVersion = 16.0.30907.101
MinimumVisualStudioVersion = 10.0.40219.1
Project("{9A19103F-16F7-4668-BE54-9A1E7A4F7556}") = "DataAccess", "DataAccess\DataAccess.csproj", "{AB3FC1B2-FB49-421C-A894-4DD291DF20E1}"
EndProject
Project("{9A19103F-16F7-4668-BE54-9A1E7A4F7556}") = "Business", "Business\Business.csproj", "{2E1D24C8-6C7F-4BE1-93C7-58A10DD396B9}"
EndProject
Project("{9A19103F-16F7-4668-BE54-9A1E7A4F7556}") = "Entities", "Entities\Entities.csproj", "{6A3738EE-212A-4C3E-BBA0-7BEF8E9B9BE5}"
EndProject
Project("{9A19103F-16F7-4668-BE54-9A1E7A4F7556}") = "Console", "Console\Console.csproj", "{5DD2EB5B-FD48-4E02-B341-998823C027F6}"
EndProject
Project("{9A19103F-16F7-4668-BE54-9A1E7A4F7556}") = "Core", "Core\Core.csproj", "{3FAC6A4C-8C23-4F75-AEC8-FF54B060BB51}"
EndProject
Project("{9A19103F-16F7-4668-BE54-9A1E7A4F7556}") = "WebAPI", "WebAPI\WebAPI.csproj", "{C1360A86-199F-4C65-AEB2-9C1FC2411736}"
EndProject
Global
	GlobalSection(SolutionConfigurationPlatforms) = preSolution
		Debug|Any CPU = Debug|Any CPU
		Release|Any CPU = Release|Any CPU
	EndGlobalSection
	GlobalSection(ProjectConfigurationPlatforms) = postSolution
		{AB3FC1B2-FB49-421C-A894-4DD291DF20E1}.Debug|Any CPU.ActiveCfg = Debug|Any CPU
		{AB3FC1B2-FB49-421C-A894-4DD291DF20E1}.Debug|Any CPU.Build.0 = Debug|Any CPU
		{AB3FC1B2-FB49-421C-A894-4DD291DF20E1}.Release|Any CPU.ActiveCfg = Release|Any CPU
		{AB3FC1B2-FB49-421C-A894-4DD291DF20E1}.Release|Any CPU.Build.0 = Release|Any CPU
		{2E1D24C8-6C7F-4BE1-93C7-58A10DD396B9}.Debug|Any CPU.ActiveCfg = Debug|Any CPU
		{2E1D24C8-6C7F-4BE1-93C7-58A10DD396B9}.Debug|Any CPU.Build.0 = Debug|Any CPU
		{2E1D24C8-6C7F-4BE1-93C7-58A10DD396B9}.Release|Any CPU.ActiveCfg = Release|Any CPU
		{2E1D24C8-6C7F-4BE1-93C7-58A10DD396B9}.Release|Any CPU.Build.0 = Release|Any CPU
		{6A3738EE-212A-4C3E-BBA0-7BEF8E9B9BE5}.Debug|Any CPU.ActiveCfg = Debug|Any CPU
		{6A3738EE-212A-4C3E-BBA0-7BEF8E9B9BE5}.Debug|Any CPU.Build.0 = Debug|Any CPU
		{6A3738EE-212A-4C3E-BBA0-7BEF8E9B9BE5}.Release|Any CPU.ActiveCfg = Release|Any CPU
		{6A3738EE-212A-4C3E-BBA0-7BEF8E9B9BE5}.Release|Any CPU.Build.0 = Release|Any CPU
		{5DD2EB5B-FD48-4E02-B341-998823C027F6}.Debug|Any CPU.ActiveCfg = Debug|Any CPU
		{5DD2EB5B-FD48-4E02-B341-998823C027F6}.Debug|Any CPU.Build.0 = Debug|Any CPU
		{5DD2EB5B-FD48-4E02-B341-998823C027F6}.Release|Any CPU.ActiveCfg = Release|Any CPU
		{5DD2EB5B-FD48-4E02-B341-998823C027F6}.Release|Any CPU.Build.0 = Release|Any CPU
		{3FAC6A4C-8C23-4F75-AEC8-FF54B060BB51}.Debug|Any CPU.ActiveCfg = Debug|Any CPU
		{3FAC6A4C-8C23-4F75-AEC8-FF54B060BB51}.Debug|Any CPU.Build.0 = Debug|Any CPU
		{3FAC6A4C-8C23-4F75-AEC8-FF54B060BB51}.Release|Any CPU.ActiveCfg = Release|Any CPU
		{3FAC6A4C-8C23-4F75-AEC8-FF54B060BB51}.Release|Any CPU.Build.0 = Release|Any CPU
		{C1360A86-199F-4C65-AEB2-9C1FC2411736}.Debug|Any CPU.ActiveCfg = Debug|Any CPU
		{C1360A86-199F-4C65-AEB2-9C1FC2411736}.Debug|Any CPU.Build.0 = Debug|Any CPU
		{C1360A86-199F-4C65-AEB2-9C1FC2411736}.Release|Any CPU.ActiveCfg = Release|Any CPU
		{C1360A86-199F-4C65-AEB2-9C1FC2411736}.Release|Any CPU.Build.0 = Release|Any CPU
	EndGlobalSection
	GlobalSection(SolutionProperties) = preSolution
		HideSolutionNode = FALSE
	EndGlobalSection
	GlobalSection(ExtensibilityGlobals) = postSolution
		SolutionGuid = {6D3AA08A-2F4C-4C8F-A8E8-45E749AC9ACE}
	EndGlobalSection
EndGlobal
